// !$*UTF8*$!
{
	archiveVersion = 1;
	classes = {
	};
	objectVersion = 46;
	objects = {

/* Begin PBXBuildFile section */
		A61947121E3A30C3001E09E0 /* PopularTableViewCell.swift in Sources */ = {isa = PBXBuildFile; fileRef = A61947111E3A30C3001E09E0 /* PopularTableViewCell.swift */; };
		A61947141E3A37BD001E09E0 /* Extensions.swift in Sources */ = {isa = PBXBuildFile; fileRef = A61947131E3A37BD001E09E0 /* Extensions.swift */; };
		A61947161E3A4188001E09E0 /* PopularCollectionViewController.swift in Sources */ = {isa = PBXBuildFile; fileRef = A61947151E3A4188001E09E0 /* PopularCollectionViewController.swift */; };
		A61947181E3A4577001E09E0 /* PopularCollectionViewCell.swift in Sources */ = {isa = PBXBuildFile; fileRef = A61947171E3A4577001E09E0 /* PopularCollectionViewCell.swift */; };
		A6691F1B1E3E226900AE46DB /* Stack.swift in Sources */ = {isa = PBXBuildFile; fileRef = A6691F1A1E3E226900AE46DB /* Stack.swift */; };
		A6691F1D1E3E242900AE46DB /* UsefulFunctions.swift in Sources */ = {isa = PBXBuildFile; fileRef = A6691F1C1E3E242900AE46DB /* UsefulFunctions.swift */; };
		A6691F1F1E3EA06500AE46DB /* PersistenceController.swift in Sources */ = {isa = PBXBuildFile; fileRef = A6691F1E1E3EA06500AE46DB /* PersistenceController.swift */; };
		A6691F211E3EB96700AE46DB /* DetailViewController.swift in Sources */ = {isa = PBXBuildFile; fileRef = A6691F201E3EB96700AE46DB /* DetailViewController.swift */; };
		A67FF5471E39FC2200FE55C9 /* AppDelegate.swift in Sources */ = {isa = PBXBuildFile; fileRef = A67FF5461E39FC2200FE55C9 /* AppDelegate.swift */; };
		A67FF54C1E39FC2200FE55C9 /* Main.storyboard in Resources */ = {isa = PBXBuildFile; fileRef = A67FF54A1E39FC2200FE55C9 /* Main.storyboard */; };
		A67FF54F1E39FC2200FE55C9 /* TheMovieDB.xcdatamodeld in Sources */ = {isa = PBXBuildFile; fileRef = A67FF54D1E39FC2200FE55C9 /* TheMovieDB.xcdatamodeld */; };
		A67FF5511E39FC2200FE55C9 /* Assets.xcassets in Resources */ = {isa = PBXBuildFile; fileRef = A67FF5501E39FC2200FE55C9 /* Assets.xcassets */; };
		A67FF5541E39FC2200FE55C9 /* LaunchScreen.storyboard in Resources */ = {isa = PBXBuildFile; fileRef = A67FF5521E39FC2200FE55C9 /* LaunchScreen.storyboard */; };
		A67FF56A1E3A244700FE55C9 /* PopularTableViewController.swift in Sources */ = {isa = PBXBuildFile; fileRef = A67FF5691E3A244700FE55C9 /* PopularTableViewController.swift */; };
		A67FF56C1E3A247800FE55C9 /* ProgressHUBController.swift in Sources */ = {isa = PBXBuildFile; fileRef = A67FF56B1E3A247800FE55C9 /* ProgressHUBController.swift */; };
		A67FF56E1E3A24A400FE55C9 /* TMDBConfiguration.swift in Sources */ = {isa = PBXBuildFile; fileRef = A67FF56D1E3A24A400FE55C9 /* TMDBConfiguration.swift */; };
		A67FF5751E3A2DBD00FE55C9 /* PopularController.swift in Sources */ = {isa = PBXBuildFile; fileRef = A67FF5741E3A2DBD00FE55C9 /* PopularController.swift */; };
		A67FF5781E3A2DF000FE55C9 /* People.swift in Sources */ = {isa = PBXBuildFile; fileRef = A67FF5761E3A2DF000FE55C9 /* People.swift */; };
		A67FF5791E3A2DF000FE55C9 /* People+CoreDataProperties.swift in Sources */ = {isa = PBXBuildFile; fileRef = A67FF5771E3A2DF000FE55C9 /* People+CoreDataProperties.swift */; };
		EAE215E54B95E80DFAAE9B20 /* Pods_TheMovieDB.framework in Frameworks */ = {isa = PBXBuildFile; fileRef = 6FEFB9F282B7A696F6C2CF11 /* Pods_TheMovieDB.framework */; };
/* End PBXBuildFile section */

/* Begin PBXFileReference section */
		34DC48128F8B9BB2040B49D9 /* Pods-TheMovieDB.debug.xcconfig */ = {isa = PBXFileReference; includeInIndex = 1; lastKnownFileType = text.xcconfig; name = "Pods-TheMovieDB.debug.xcconfig"; path = "Pods/Target Support Files/Pods-TheMovieDB/Pods-TheMovieDB.debug.xcconfig"; sourceTree = "<group>"; };
		6FEFB9F282B7A696F6C2CF11 /* Pods_TheMovieDB.framework */ = {isa = PBXFileReference; explicitFileType = wrapper.framework; includeInIndex = 0; path = Pods_TheMovieDB.framework; sourceTree = BUILT_PRODUCTS_DIR; };
		A61947111E3A30C3001E09E0 /* PopularTableViewCell.swift */ = {isa = PBXFileReference; fileEncoding = 4; lastKnownFileType = sourcecode.swift; name = PopularTableViewCell.swift; path = Popular/PopularTableViewCell.swift; sourceTree = "<group>"; };
		A61947131E3A37BD001E09E0 /* Extensions.swift */ = {isa = PBXFileReference; fileEncoding = 4; lastKnownFileType = sourcecode.swift; name = Extensions.swift; path = Controllers/Extensions.swift; sourceTree = "<group>"; };
		A61947151E3A4188001E09E0 /* PopularCollectionViewController.swift */ = {isa = PBXFileReference; fileEncoding = 4; lastKnownFileType = sourcecode.swift; name = PopularCollectionViewController.swift; path = Popular/PopularCollectionViewController.swift; sourceTree = "<group>"; };
		A61947171E3A4577001E09E0 /* PopularCollectionViewCell.swift */ = {isa = PBXFileReference; fileEncoding = 4; lastKnownFileType = sourcecode.swift; name = PopularCollectionViewCell.swift; path = Popular/PopularCollectionViewCell.swift; sourceTree = "<group>"; };
		A6691F1A1E3E226900AE46DB /* Stack.swift */ = {isa = PBXFileReference; fileEncoding = 4; lastKnownFileType = sourcecode.swift; name = Stack.swift; path = Controllers/Stack.swift; sourceTree = "<group>"; };
		A6691F1C1E3E242900AE46DB /* UsefulFunctions.swift */ = {isa = PBXFileReference; fileEncoding = 4; lastKnownFileType = sourcecode.swift; name = UsefulFunctions.swift; path = Controllers/UsefulFunctions.swift; sourceTree = "<group>"; };
		A6691F1E1E3EA06500AE46DB /* PersistenceController.swift */ = {isa = PBXFileReference; fileEncoding = 4; lastKnownFileType = sourcecode.swift; name = PersistenceController.swift; path = Controllers/PersistenceController.swift; sourceTree = "<group>"; };
		A6691F201E3EB96700AE46DB /* DetailViewController.swift */ = {isa = PBXFileReference; fileEncoding = 4; lastKnownFileType = sourcecode.swift; name = DetailViewController.swift; path = Popular/DetailViewController.swift; sourceTree = "<group>"; };
		A67FF5431E39FC2200FE55C9 /* TheMovieDB.app */ = {isa = PBXFileReference; explicitFileType = wrapper.application; includeInIndex = 0; path = TheMovieDB.app; sourceTree = BUILT_PRODUCTS_DIR; };
		A67FF5461E39FC2200FE55C9 /* AppDelegate.swift */ = {isa = PBXFileReference; lastKnownFileType = sourcecode.swift; path = AppDelegate.swift; sourceTree = "<group>"; };
		A67FF54B1E39FC2200FE55C9 /* Base */ = {isa = PBXFileReference; lastKnownFileType = file.storyboard; name = Base; path = Base.lproj/Main.storyboard; sourceTree = "<group>"; };
		A67FF54E1E39FC2200FE55C9 /* TheMovieDB.xcdatamodel */ = {isa = PBXFileReference; lastKnownFileType = wrapper.xcdatamodel; path = TheMovieDB.xcdatamodel; sourceTree = "<group>"; };
		A67FF5501E39FC2200FE55C9 /* Assets.xcassets */ = {isa = PBXFileReference; lastKnownFileType = folder.assetcatalog; path = Assets.xcassets; sourceTree = "<group>"; };
		A67FF5531E39FC2200FE55C9 /* Base */ = {isa = PBXFileReference; lastKnownFileType = file.storyboard; name = Base; path = Base.lproj/LaunchScreen.storyboard; sourceTree = "<group>"; };
		A67FF5551E39FC2200FE55C9 /* Info.plist */ = {isa = PBXFileReference; lastKnownFileType = text.plist.xml; path = Info.plist; sourceTree = "<group>"; };
		A67FF5681E3A175700FE55C9 /* TheMovieDB-Bridging-Header.h */ = {isa = PBXFileReference; lastKnownFileType = sourcecode.c.h; path = "TheMovieDB-Bridging-Header.h"; sourceTree = "<group>"; };
		A67FF5691E3A244700FE55C9 /* PopularTableViewController.swift */ = {isa = PBXFileReference; fileEncoding = 4; lastKnownFileType = sourcecode.swift; name = PopularTableViewController.swift; path = Popular/PopularTableViewController.swift; sourceTree = "<group>"; };
		A67FF56B1E3A247800FE55C9 /* ProgressHUBController.swift */ = {isa = PBXFileReference; fileEncoding = 4; lastKnownFileType = sourcecode.swift; name = ProgressHUBController.swift; path = Controllers/ProgressHUBController.swift; sourceTree = "<group>"; };
		A67FF56D1E3A24A400FE55C9 /* TMDBConfiguration.swift */ = {isa = PBXFileReference; fileEncoding = 4; lastKnownFileType = sourcecode.swift; name = TMDBConfiguration.swift; path = API/TMDBConfiguration.swift; sourceTree = "<group>"; };
		A67FF5741E3A2DBD00FE55C9 /* PopularController.swift */ = {isa = PBXFileReference; fileEncoding = 4; lastKnownFileType = sourcecode.swift; name = PopularController.swift; path = Controllers/PopularController.swift; sourceTree = "<group>"; };
		A67FF5761E3A2DF000FE55C9 /* People.swift */ = {isa = PBXFileReference; fileEncoding = 4; lastKnownFileType = sourcecode.swift; name = People.swift; path = Models/People.swift; sourceTree = "<group>"; };
		A67FF5771E3A2DF000FE55C9 /* People+CoreDataProperties.swift */ = {isa = PBXFileReference; fileEncoding = 4; lastKnownFileType = sourcecode.swift; name = "People+CoreDataProperties.swift"; path = "Models/People+CoreDataProperties.swift"; sourceTree = "<group>"; };
		AA8ABDB500FB4CF5EF78B3D9 /* Pods-TheMovieDB.release.xcconfig */ = {isa = PBXFileReference; includeInIndex = 1; lastKnownFileType = text.xcconfig; name = "Pods-TheMovieDB.release.xcconfig"; path = "Pods/Target Support Files/Pods-TheMovieDB/Pods-TheMovieDB.release.xcconfig"; sourceTree = "<group>"; };
/* End PBXFileReference section */

/* Begin PBXFrameworksBuildPhase section */
		A67FF5401E39FC2200FE55C9 /* Frameworks */ = {
			isa = PBXFrameworksBuildPhase;
			buildActionMask = 2147483647;
			files = (
				EAE215E54B95E80DFAAE9B20 /* Pods_TheMovieDB.framework in Frameworks */,
			);
			runOnlyForDeploymentPostprocessing = 0;
		};
/* End PBXFrameworksBuildPhase section */

/* Begin PBXGroup section */
		5A1BEFE9D485715E9EDCC4D7 /* Frameworks */ = {
			isa = PBXGroup;
			children = (
				6FEFB9F282B7A696F6C2CF11 /* Pods_TheMovieDB.framework */,
			);
			name = Frameworks;
			sourceTree = "<group>";
		};
		683B6FBCDDF32C700E09B3C2 /* Pods */ = {
			isa = PBXGroup;
			children = (
				34DC48128F8B9BB2040B49D9 /* Pods-TheMovieDB.debug.xcconfig */,
				AA8ABDB500FB4CF5EF78B3D9 /* Pods-TheMovieDB.release.xcconfig */,
			);
			name = Pods;
			sourceTree = "<group>";
		};
		A67FF53A1E39FC2200FE55C9 = {
			isa = PBXGroup;
			children = (
				A67FF5681E3A175700FE55C9 /* TheMovieDB-Bridging-Header.h */,
				A67FF5451E39FC2200FE55C9 /* TheMovieDB */,
				A67FF5441E39FC2200FE55C9 /* Products */,
				683B6FBCDDF32C700E09B3C2 /* Pods */,
				5A1BEFE9D485715E9EDCC4D7 /* Frameworks */,
			);
			sourceTree = "<group>";
		};
		A67FF5441E39FC2200FE55C9 /* Products */ = {
			isa = PBXGroup;
			children = (
				A67FF5431E39FC2200FE55C9 /* TheMovieDB.app */,
			);
			name = Products;
			sourceTree = "<group>";
		};
		A67FF5451E39FC2200FE55C9 /* TheMovieDB */ = {
			isa = PBXGroup;
			children = (
				A67FF55F1E39FCD600FE55C9 /* Model */,
				A67FF5761E3A2DF000FE55C9 /* People.swift */,
				A67FF5771E3A2DF000FE55C9 /* People+CoreDataProperties.swift */,
				A67FF5651E3A161A00FE55C9 /* Controllers */,
				A67FF5641E3A09CA00FE55C9 /* API */,
				A67FF56F1E3A24C500FE55C9 /* Popular */,
				A67FF5461E39FC2200FE55C9 /* AppDelegate.swift */,
				A67FF54A1E39FC2200FE55C9 /* Main.storyboard */,
				A67FF5501E39FC2200FE55C9 /* Assets.xcassets */,
				A67FF5521E39FC2200FE55C9 /* LaunchScreen.storyboard */,
				A67FF5551E39FC2200FE55C9 /* Info.plist */,
				A67FF54D1E39FC2200FE55C9 /* TheMovieDB.xcdatamodeld */,
			);
			path = TheMovieDB;
			sourceTree = "<group>";
		};
		A67FF55F1E39FCD600FE55C9 /* Model */ = {
			isa = PBXGroup;
			children = (
			);
			name = Model;
			sourceTree = "<group>";
		};
		A67FF5641E3A09CA00FE55C9 /* API */ = {
			isa = PBXGroup;
			children = (
				A67FF56D1E3A24A400FE55C9 /* TMDBConfiguration.swift */,
			);
			name = API;
			sourceTree = "<group>";
		};
		A67FF5651E3A161A00FE55C9 /* Controllers */ = {
			isa = PBXGroup;
			children = (
				A67FF56B1E3A247800FE55C9 /* ProgressHUBController.swift */,
				A67FF5741E3A2DBD00FE55C9 /* PopularController.swift */,
				A6691F1E1E3EA06500AE46DB /* PersistenceController.swift */,
				A61947131E3A37BD001E09E0 /* Extensions.swift */,
				A6691F1A1E3E226900AE46DB /* Stack.swift */,
				A6691F1C1E3E242900AE46DB /* UsefulFunctions.swift */,
			);
			name = Controllers;
			sourceTree = "<group>";
		};
		A67FF56F1E3A24C500FE55C9 /* Popular */ = {
			isa = PBXGroup;
			children = (
				A67FF5691E3A244700FE55C9 /* PopularTableViewController.swift */,
				A61947111E3A30C3001E09E0 /* PopularTableViewCell.swift */,
				A61947151E3A4188001E09E0 /* PopularCollectionViewController.swift */,
				A61947171E3A4577001E09E0 /* PopularCollectionViewCell.swift */,
				A6691F201E3EB96700AE46DB /* DetailViewController.swift */,
			);
			name = Popular;
			sourceTree = "<group>";
		};
/* End PBXGroup section */

/* Begin PBXNativeTarget section */
		A67FF5421E39FC2200FE55C9 /* TheMovieDB */ = {
			isa = PBXNativeTarget;
			buildConfigurationList = A67FF5581E39FC2200FE55C9 /* Build configuration list for PBXNativeTarget "TheMovieDB" */;
			buildPhases = (
				EAE8758EA9005A09E09D4025 /* [CP] Check Pods Manifest.lock */,
				A67FF53F1E39FC2200FE55C9 /* Sources */,
				A67FF5401E39FC2200FE55C9 /* Frameworks */,
				A67FF5411E39FC2200FE55C9 /* Resources */,
				5C99497C28731619B893BEA6 /* [CP] Embed Pods Frameworks */,
				BC6854FA258E68FF62BAE9F8 /* [CP] Copy Pods Resources */,
			);
			buildRules = (
			);
			dependencies = (
			);
			name = TheMovieDB;
			productName = TheMovieDB;
			productReference = A67FF5431E39FC2200FE55C9 /* TheMovieDB.app */;
			productType = "com.apple.product-type.application";
		};
/* End PBXNativeTarget section */

/* Begin PBXProject section */
		A67FF53B1E39FC2200FE55C9 /* Project object */ = {
			isa = PBXProject;
			attributes = {
				LastSwiftUpdateCheck = 0820;
				LastUpgradeCheck = 0820;
				ORGANIZATIONNAME = "Sergey Leskov";
				TargetAttributes = {
					A67FF5421E39FC2200FE55C9 = {
						CreatedOnToolsVersion = 8.2.1;
						DevelopmentTeam = UR2UCZHHPB;
						ProvisioningStyle = Automatic;
					};
				};
			};
			buildConfigurationList = A67FF53E1E39FC2200FE55C9 /* Build configuration list for PBXProject "TheMovieDB" */;
			compatibilityVersion = "Xcode 3.2";
			developmentRegion = English;
			hasScannedForEncodings = 0;
			knownRegions = (
				en,
				Base,
			);
			mainGroup = A67FF53A1E39FC2200FE55C9;
			productRefGroup = A67FF5441E39FC2200FE55C9 /* Products */;
			projectDirPath = "";
			projectRoot = "";
			targets = (
				A67FF5421E39FC2200FE55C9 /* TheMovieDB */,
			);
		};
/* End PBXProject section */

/* Begin PBXResourcesBuildPhase section */
		A67FF5411E39FC2200FE55C9 /* Resources */ = {
			isa = PBXResourcesBuildPhase;
			buildActionMask = 2147483647;
			files = (
				A67FF5541E39FC2200FE55C9 /* LaunchScreen.storyboard in Resources */,
				A67FF5511E39FC2200FE55C9 /* Assets.xcassets in Resources */,
				A67FF54C1E39FC2200FE55C9 /* Main.storyboard in Resources */,
			);
			runOnlyForDeploymentPostprocessing = 0;
		};
/* End PBXResourcesBuildPhase section */

/* Begin PBXShellScriptBuildPhase section */
		5C99497C28731619B893BEA6 /* [CP] Embed Pods Frameworks */ = {
			isa = PBXShellScriptBuildPhase;
			buildActionMask = 2147483647;
			files = (
			);
			inputPaths = (
			);
			name = "[CP] Embed Pods Frameworks";
			outputPaths = (
			);
			runOnlyForDeploymentPostprocessing = 0;
			shellPath = /bin/sh;
			shellScript = "\"${SRCROOT}/Pods/Target Support Files/Pods-TheMovieDB/Pods-TheMovieDB-frameworks.sh\"\n";
			showEnvVarsInLog = 0;
		};
		BC6854FA258E68FF62BAE9F8 /* [CP] Copy Pods Resources */ = {
			isa = PBXShellScriptBuildPhase;
			buildActionMask = 2147483647;
			files = (
			);
			inputPaths = (
			);
			name = "[CP] Copy Pods Resources";
			outputPaths = (
			);
			runOnlyForDeploymentPostprocessing = 0;
			shellPath = /bin/sh;
			shellScript = "\"${SRCROOT}/Pods/Target Support Files/Pods-TheMovieDB/Pods-TheMovieDB-resources.sh\"\n";
			showEnvVarsInLog = 0;
		};
		EAE8758EA9005A09E09D4025 /* [CP] Check Pods Manifest.lock */ = {
			isa = PBXShellScriptBuildPhase;
			buildActionMask = 2147483647;
			files = (
			);
			inputPaths = (
			);
			name = "[CP] Check Pods Manifest.lock";
			outputPaths = (
			);
			runOnlyForDeploymentPostprocessing = 0;
			shellPath = /bin/sh;
			shellScript = "diff \"${PODS_ROOT}/../Podfile.lock\" \"${PODS_ROOT}/Manifest.lock\" > /dev/null\nif [ $? != 0 ] ; then\n    # print error to STDERR\n    echo \"error: The sandbox is not in sync with the Podfile.lock. Run 'pod install' or update your CocoaPods installation.\" >&2\n    exit 1\nfi\n";
			showEnvVarsInLog = 0;
		};
/* End PBXShellScriptBuildPhase section */

/* Begin PBXSourcesBuildPhase section */
		A67FF53F1E39FC2200FE55C9 /* Sources */ = {
			isa = PBXSourcesBuildPhase;
			buildActionMask = 2147483647;
			files = (
				A61947181E3A4577001E09E0 /* PopularCollectionViewCell.swift in Sources */,
				A6691F1B1E3E226900AE46DB /* Stack.swift in Sources */,
				A67FF56E1E3A24A400FE55C9 /* TMDBConfiguration.swift in Sources */,
				A61947121E3A30C3001E09E0 /* PopularTableViewCell.swift in Sources */,
				A67FF54F1E39FC2200FE55C9 /* TheMovieDB.xcdatamodeld in Sources */,
				A67FF5781E3A2DF000FE55C9 /* People.swift in Sources */,
				A67FF56A1E3A244700FE55C9 /* PopularTableViewController.swift in Sources */,
				A6691F211E3EB96700AE46DB /* DetailViewController.swift in Sources */,
				A61947141E3A37BD001E09E0 /* Extensions.swift in Sources */,
				A67FF5751E3A2DBD00FE55C9 /* PopularController.swift in Sources */,
				A6691F1F1E3EA06500AE46DB /* PersistenceController.swift in Sources */,
				A67FF5471E39FC2200FE55C9 /* AppDelegate.swift in Sources */,
				A67FF5791E3A2DF000FE55C9 /* People+CoreDataProperties.swift in Sources */,
				A6691F1D1E3E242900AE46DB /* UsefulFunctions.swift in Sources */,
				A67FF56C1E3A247800FE55C9 /* ProgressHUBController.swift in Sources */,
				A61947161E3A4188001E09E0 /* PopularCollectionViewController.swift in Sources */,
			);
			runOnlyForDeploymentPostprocessing = 0;
		};
/* End PBXSourcesBuildPhase section */

/* Begin PBXVariantGroup section */
		A67FF54A1E39FC2200FE55C9 /* Main.storyboard */ = {
			isa = PBXVariantGroup;
			children = (
				A67FF54B1E39FC2200FE55C9 /* Base */,
			);
			name = Main.storyboard;
			sourceTree = "<group>";
		};
		A67FF5521E39FC2200FE55C9 /* LaunchScreen.storyboard */ = {
			isa = PBXVariantGroup;
			children = (
				A67FF5531E39FC2200FE55C9 /* Base */,
			);
			name = LaunchScreen.storyboard;
			sourceTree = "<group>";
		};
/* End PBXVariantGroup section */

/* Begin XCBuildConfiguration section */
		A67FF5561E39FC2200FE55C9 /* Debug */ = {
			isa = XCBuildConfiguration;
			buildSettings = {
				ALWAYS_SEARCH_USER_PATHS = NO;
				CLANG_ANALYZER_NONNULL = YES;
				CLANG_CXX_LANGUAGE_STANDARD = "gnu++0x";
				CLANG_CXX_LIBRARY = "libc++";
				CLANG_ENABLE_MODULES = YES;
				CLANG_ENABLE_OBJC_ARC = YES;
				CLANG_WARN_BOOL_CONVERSION = YES;
				CLANG_WARN_CONSTANT_CONVERSION = YES;
				CLANG_WARN_DIRECT_OBJC_ISA_USAGE = YES_ERROR;
				CLANG_WARN_DOCUMENTATION_COMMENTS = YES;
				CLANG_WARN_EMPTY_BODY = YES;
				CLANG_WARN_ENUM_CONVERSION = YES;
				CLANG_WARN_INFINITE_RECURSION = YES;
				CLANG_WARN_INT_CONVERSION = YES;
				CLANG_WARN_OBJC_ROOT_CLASS = YES_ERROR;
				CLANG_WARN_SUSPICIOUS_MOVE = YES;
				CLANG_WARN_UNREACHABLE_CODE = YES;
				CLANG_WARN__DUPLICATE_METHOD_MATCH = YES;
				"CODE_SIGN_IDENTITY[sdk=iphoneos*]" = "iPhone Developer";
				COPY_PHASE_STRIP = NO;
				DEBUG_INFORMATION_FORMAT = dwarf;
				ENABLE_STRICT_OBJC_MSGSEND = YES;
				ENABLE_TESTABILITY = YES;
				GCC_C_LANGUAGE_STANDARD = gnu99;
				GCC_DYNAMIC_NO_PIC = NO;
				GCC_NO_COMMON_BLOCKS = YES;
				GCC_OPTIMIZATION_LEVEL = 0;
				GCC_PREPROCESSOR_DEFINITIONS = (
					"DEBUG=1",
					"$(inherited)",
				);
				GCC_WARN_64_TO_32_BIT_CONVERSION = YES;
				GCC_WARN_ABOUT_RETURN_TYPE = YES_ERROR;
				GCC_WARN_UNDECLARED_SELECTOR = YES;
				GCC_WARN_UNINITIALIZED_AUTOS = YES_AGGRESSIVE;
				GCC_WARN_UNUSED_FUNCTION = YES;
				GCC_WARN_UNUSED_VARIABLE = YES;
				IPHONEOS_DEPLOYMENT_TARGET = 10.2;
				MTL_ENABLE_DEBUG_INFO = YES;
				ONLY_ACTIVE_ARCH = YES;
				SDKROOT = iphoneos;
				SWIFT_ACTIVE_COMPILATION_CONDITIONS = DEBUG;
				SWIFT_OPTIMIZATION_LEVEL = "-Onone";
				TARGETED_DEVICE_FAMILY = "1,2";
			};
			name = Debug;
		};
		A67FF5571E39FC2200FE55C9 /* Release */ = {
			isa = XCBuildConfiguration;
			buildSettings = {
				ALWAYS_SEARCH_USER_PATHS = NO;
				CLANG_ANALYZER_NONNULL = YES;
				CLANG_CXX_LANGUAGE_STANDARD = "gnu++0x";
				CLANG_CXX_LIBRARY = "libc++";
				CLANG_ENABLE_MODULES = YES;
				CLANG_ENABLE_OBJC_ARC = YES;
				CLANG_WARN_BOOL_CONVERSION = YES;
				CLANG_WARN_CONSTANT_CONVERSION = YES;
				CLANG_WARN_DIRECT_OBJC_ISA_USAGE = YES_ERROR;
				CLANG_WARN_DOCUMENTATION_COMMENTS = YES;
				CLANG_WARN_EMPTY_BODY = YES;
				CLANG_WARN_ENUM_CONVERSION = YES;
				CLANG_WARN_INFINITE_RECURSION = YES;
				CLANG_WARN_INT_CONVERSION = YES;
				CLANG_WARN_OBJC_ROOT_CLASS = YES_ERROR;
				CLANG_WARN_SUSPICIOUS_MOVE = YES;
				CLANG_WARN_UNREACHABLE_CODE = YES;
				CLANG_WARN__DUPLICATE_METHOD_MATCH = YES;
				"CODE_SIGN_IDENTITY[sdk=iphoneos*]" = "iPhone Developer";
				COPY_PHASE_STRIP = NO;
				DEBUG_INFORMATION_FORMAT = "dwarf-with-dsym";
				ENABLE_NS_ASSERTIONS = NO;
				ENABLE_STRICT_OBJC_MSGSEND = YES;
				GCC_C_LANGUAGE_STANDARD = gnu99;
				GCC_NO_COMMON_BLOCKS = YES;
				GCC_WARN_64_TO_32_BIT_CONVERSION = YES;
				GCC_WARN_ABOUT_RETURN_TYPE = YES_ERROR;
				GCC_WARN_UNDECLARED_SELECTOR = YES;
				GCC_WARN_UNINITIALIZED_AUTOS = YES_AGGRESSIVE;
				GCC_WARN_UNUSED_FUNCTION = YES;
				GCC_WARN_UNUSED_VARIABLE = YES;
				IPHONEOS_DEPLOYMENT_TARGET = 10.2;
				MTL_ENABLE_DEBUG_INFO = NO;
				SDKROOT = iphoneos;
				SWIFT_OPTIMIZATION_LEVEL = "-Owholemodule";
				TARGETED_DEVICE_FAMILY = "1,2";
				VALIDATE_PRODUCT = YES;
			};
			name = Release;
		};
		A67FF5591E39FC2200FE55C9 /* Debug */ = {
			isa = XCBuildConfiguration;
			baseConfigurationReference = 34DC48128F8B9BB2040B49D9 /* Pods-TheMovieDB.debug.xcconfig */;
			buildSettings = {
				ASSETCATALOG_COMPILER_APPICON_NAME = AppIcon;
				DEVELOPMENT_TEAM = UR2UCZHHPB;
				INFOPLIST_FILE = TheMovieDB/Info.plist;
				LD_RUNPATH_SEARCH_PATHS = "$(inherited) @executable_path/Frameworks";
				PRODUCT_BUNDLE_IDENTIFIER = SergeyLeskov.TheMovieDB;
				PRODUCT_NAME = "$(TARGET_NAME)";
				SWIFT_VERSION = 3.0;
			};
			name = Debug;
		};
		A67FF55A1E39FC2200FE55C9 /* Release */ = {
			isa = XCBuildConfiguration;
			baseConfigurationReference = AA8ABDB500FB4CF5EF78B3D9 /* Pods-TheMovieDB.release.xcconfig */;
			buildSettings = {
				ASSETCATALOG_COMPILER_APPICON_NAME = AppIcon;
				DEVELOPMENT_TEAM = UR2UCZHHPB;
				INFOPLIST_FILE = TheMovieDB/Info.plist;
				LD_RUNPATH_SEARCH_PATHS = "$(inherited) @executable_path/Frameworks";
				PRODUCT_BUNDLE_IDENTIFIER = SergeyLeskov.TheMovieDB;
				PRODUCT_NAME = "$(TARGET_NAME)";
				SWIFT_VERSION = 3.0;
			};
			name = Release;
		};
/* End XCBuildConfiguration section */

/* Begin XCConfigurationList section */
		A67FF53E1E39FC2200FE55C9 /* Build configuration list for PBXProject "TheMovieDB" */ = {
			isa = XCConfigurationList;
			buildConfigurations = (
				A67FF5561E39FC2200FE55C9 /* Debug */,
				A67FF5571E39FC2200FE55C9 /* Release */,
			);
			defaultConfigurationIsVisible = 0;
			defaultConfigurationName = Release;
		};
		A67FF5581E39FC2200FE55C9 /* Build configuration list for PBXNativeTarget "TheMovieDB" */ = {
			isa = XCConfigurationList;
			buildConfigurations = (
				A67FF5591E39FC2200FE55C9 /* Debug */,
				A67FF55A1E39FC2200FE55C9 /* Release */,
			);
			defaultConfigurationIsVisible = 0;
			defaultConfigurationName = Release;
		};
/* End XCConfigurationList section */

/* Begin XCVersionGroup section */
		A67FF54D1E39FC2200FE55C9 /* TheMovieDB.xcdatamodeld */ = {
			isa = XCVersionGroup;
			children = (
				A67FF54E1E39FC2200FE55C9 /* TheMovieDB.xcdatamodel */,
			);
			currentVersion = A67FF54E1E39FC2200FE55C9 /* TheMovieDB.xcdatamodel */;
			path = TheMovieDB.xcdatamodeld;
			sourceTree = "<group>";
			versionGroupType = wrapper.xcdatamodel;
		};
/* End XCVersionGroup section */
	};
	rootObject = A67FF53B1E39FC2200FE55C9 /* Project object */;
}
